
Microsoft Visual Studio Solution File, Format Version 12.00
# Visual Studio 15
VisualStudioVersion = 15.0.28010.2016
MinimumVisualStudioVersion = 10.0.40219.1
Project("{FAE04EC0-301F-11D3-BF4B-00C04F79EFBC}") = "lab_work_2", "lab_work_2\lab_work_2.csproj", "{5317A669-7FDD-460B-9D2A-46A47B9D2D9E}"
EndProject
Global
	GlobalSection(SolutionConfigurationPlatforms) = preSolution
		Debug|Any CPU = Debug|Any CPU
		Release|Any CPU = Release|Any CPU
	EndGlobalSection
	GlobalSection(ProjectConfigurationPlatforms) = postSolution
		{5317A669-7FDD-460B-9D2A-46A47B9D2D9E}.Debug|Any CPU.ActiveCfg = Debug|Any CPU
		{5317A669-7FDD-460B-9D2A-46A47B9D2D9E}.Debug|Any CPU.Build.0 = Debug|Any CPU
		{5317A669-7FDD-460B-9D2A-46A47B9D2D9E}.Release|Any CPU.ActiveCfg = Release|Any CPU
		{5317A669-7FDD-460B-9D2A-46A47B9D2D9E}.Release|Any CPU.Build.0 = Release|Any CPU
	EndGlobalSection
	GlobalSection(SolutionProperties) = preSolution
		HideSolutionNode = FALSE
	EndGlobalSection
	GlobalSection(ExtensibilityGlobals) = postSolution
		SolutionGuid = {20B95452-5CBF-4AE3-8F9A-19B01248773D}
	EndGlobalSection
EndGlobal
